
Microsoft Visual Studio Solution File, Format Version 12.00
# Visual Studio Version 16
VisualStudioVersion = 16.0.29728.190
MinimumVisualStudioVersion = 10.0.40219.1
Project("{FAE04EC0-301F-11D3-BF4B-00C04F79EFBC}") = "CSharpWebTest", "CSharpWebTest\CSharpWebTest.csproj", "{D55002AF-F1A6-415F-89F0-8B78A1B7A939}"
EndProject
Project("{9A19103F-16F7-4668-BE54-9A1E7A4F7556}") = "WebActionsUtil", "CSharpSeleniumLibrary\WebActionsUtil.csproj", "{1627FD15-BAF9-48AC-B5C1-D4FCC532739B}"
EndProject
Project("{2150E333-8FDC-42A3-9474-1A3956D46DE8}") = "Solution Items", "Solution Items", "{844EC901-B08E-420C-AA96-EDC1AECC1294}"
EndProject
Global
	GlobalSection(SolutionConfigurationPlatforms) = preSolution
		Debug|Any CPU = Debug|Any CPU
		Release|Any CPU = Release|Any CPU
	EndGlobalSection
	GlobalSection(ProjectConfigurationPlatforms) = postSolution
		{D55002AF-F1A6-415F-89F0-8B78A1B7A939}.Debug|Any CPU.ActiveCfg = Debug|Any CPU
		{D55002AF-F1A6-415F-89F0-8B78A1B7A939}.Debug|Any CPU.Build.0 = Debug|Any CPU
		{D55002AF-F1A6-415F-89F0-8B78A1B7A939}.Release|Any CPU.ActiveCfg = Release|Any CPU
		{D55002AF-F1A6-415F-89F0-8B78A1B7A939}.Release|Any CPU.Build.0 = Release|Any CPU
		{1627FD15-BAF9-48AC-B5C1-D4FCC532739B}.Debug|Any CPU.ActiveCfg = Debug|Any CPU
		{1627FD15-BAF9-48AC-B5C1-D4FCC532739B}.Debug|Any CPU.Build.0 = Debug|Any CPU
		{1627FD15-BAF9-48AC-B5C1-D4FCC532739B}.Release|Any CPU.ActiveCfg = Release|Any CPU
		{1627FD15-BAF9-48AC-B5C1-D4FCC532739B}.Release|Any CPU.Build.0 = Release|Any CPU
	EndGlobalSection
	GlobalSection(SolutionProperties) = preSolution
		HideSolutionNode = FALSE
	EndGlobalSection
	GlobalSection(ExtensibilityGlobals) = postSolution
		SolutionGuid = {F200C598-4C46-4ECB-B447-8A2BDD4EB75F}
	EndGlobalSection
EndGlobal
